
Microsoft Visual Studio Solution File, Format Version 12.00
# Visual Studio Version 17
VisualStudioVersion = 17.14.36518.9 d17.14
MinimumVisualStudioVersion = 10.0.40219.1
Project("{FAE04EC0-301F-11D3-BF4B-00C04F79EFBC}") = "SubscriptionDemo.Api", "SubscriptionDemo.Api.csproj", "{0AAC614D-F207-D6DF-EF8B-8B2CF3CE1588}"
EndProject
Global
	GlobalSection(SolutionConfigurationPlatforms) = preSolution
		Debug|Any CPU = Debug|Any CPU
		Release|Any CPU = Release|Any CPU
	EndGlobalSection
	GlobalSection(ProjectConfigurationPlatforms) = postSolution
		{0AAC614D-F207-D6DF-EF8B-8B2CF3CE1588}.Debug|Any CPU.ActiveCfg = Debug|Any CPU
		{0AAC614D-F207-D6DF-EF8B-8B2CF3CE1588}.Debug|Any CPU.Build.0 = Debug|Any CPU
		{0AAC614D-F207-D6DF-EF8B-8B2CF3CE1588}.Release|Any CPU.ActiveCfg = Release|Any CPU
		{0AAC614D-F207-D6DF-EF8B-8B2CF3CE1588}.Release|Any CPU.Build.0 = Release|Any CPU
	EndGlobalSection
	GlobalSection(SolutionProperties) = preSolution
		HideSolutionNode = FALSE
	EndGlobalSection
	GlobalSection(ExtensibilityGlobals) = postSolution
		SolutionGuid = {B496B8B7-3B86-4801-9E2A-91AB08515D14}
	EndGlobalSection
EndGlobal
